
Microsoft Visual Studio Solution File, Format Version 12.00
# Visual Studio Version 16
VisualStudioVersion = 16.0.31205.134
MinimumVisualStudioVersion = 10.0.40219.1
Project("{FAE04EC0-301F-11D3-BF4B-00C04F79EFBC}") = "Banca", "Banca\Banca.csproj", "{BCED6F18-C459-4E63-AE79-5672698C2FF7}"
EndProject
Global
	GlobalSection(SolutionConfigurationPlatforms) = preSolution
		Debug|Any CPU = Debug|Any CPU
		Release|Any CPU = Release|Any CPU
	EndGlobalSection
	GlobalSection(ProjectConfigurationPlatforms) = postSolution
		{BCED6F18-C459-4E63-AE79-5672698C2FF7}.Debug|Any CPU.ActiveCfg = Debug|Any CPU
		{BCED6F18-C459-4E63-AE79-5672698C2FF7}.Debug|Any CPU.Build.0 = Debug|Any CPU
		{BCED6F18-C459-4E63-AE79-5672698C2FF7}.Release|Any CPU.ActiveCfg = Release|Any CPU
		{BCED6F18-C459-4E63-AE79-5672698C2FF7}.Release|Any CPU.Build.0 = Release|Any CPU
	EndGlobalSection
	GlobalSection(SolutionProperties) = preSolution
		HideSolutionNode = FALSE
	EndGlobalSection
	GlobalSection(ExtensibilityGlobals) = postSolution
		SolutionGuid = {A91EFE7A-3671-4501-9C9B-42385AF1DA1F}
	EndGlobalSection
EndGlobal
